
Microsoft Visual Studio Solution File, Format Version 12.00
# Visual Studio Version 17
VisualStudioVersion = 17.0.31903.59
MinimumVisualStudioVersion = 10.0.40219.1
Project("{FAE04EC0-301F-11D3-BF4B-00C04F79EFBC}") = "Roll6.API", "Roll6.API\Roll6.API.csproj", "{3CD1EF3C-15CE-4896-B3BD-1C536546149D}"
EndProject
Project("{FAE04EC0-301F-11D3-BF4B-00C04F79EFBC}") = "Roll6.Application", "Roll6.Application\Roll6.Application.csproj", "{D3963ACA-8E36-432A-A5C9-4E84F7C18B37}"
EndProject
Project("{FAE04EC0-301F-11D3-BF4B-00C04F79EFBC}") = "Roll6.DTO", "Roll6.DTO\Roll6.DTO.csproj", "{BB7E09A2-8E90-41EC-9159-5058C178E2BA}"
EndProject
Project("{FAE04EC0-301F-11D3-BF4B-00C04F79EFBC}") = "Roll6.Domain", "Roll6.Domain\Roll6.Domain.csproj", "{AC9D1038-752C-456E-AEA6-F2E6227F7D04}"
EndProject
Project("{FAE04EC0-301F-11D3-BF4B-00C04F79EFBC}") = "Roll6.Infra.Interfaces", "Roll6.Infra.Interfaces\Roll6.Infra.Interfaces.csproj", "{6B201341-23F6-44F2-BF8E-9C4BDD2780E7}"
EndProject
Project("{FAE04EC0-301F-11D3-BF4B-00C04F79EFBC}") = "Roll6.Infra", "Roll6.Infra\Roll6.Infra.csproj", "{9B63867A-0308-47C2-AA40-F1C5434FAE91}"
EndProject
Project("{FAE04EC0-301F-11D3-BF4B-00C04F79EFBC}") = "Roll6.Tests", "Roll6.Tests\Roll6.Tests.csproj", "{03BEDC7B-18C9-4D7D-B0AE-26FC3037CD3C}"
EndProject
Global
	GlobalSection(SolutionConfigurationPlatforms) = preSolution
		Debug|Any CPU = Debug|Any CPU
		Debug|x64 = Debug|x64
		Debug|x86 = Debug|x86
		Release|Any CPU = Release|Any CPU
		Release|x64 = Release|x64
		Release|x86 = Release|x86
	EndGlobalSection
	GlobalSection(ProjectConfigurationPlatforms) = postSolution
		{3CD1EF3C-15CE-4896-B3BD-1C536546149D}.Debug|Any CPU.ActiveCfg = Debug|Any CPU
		{3CD1EF3C-15CE-4896-B3BD-1C536546149D}.Debug|Any CPU.Build.0 = Debug|Any CPU
		{3CD1EF3C-15CE-4896-B3BD-1C536546149D}.Debug|x64.ActiveCfg = Debug|Any CPU
		{3CD1EF3C-15CE-4896-B3BD-1C536546149D}.Debug|x64.Build.0 = Debug|Any CPU
		{3CD1EF3C-15CE-4896-B3BD-1C536546149D}.Debug|x86.ActiveCfg = Debug|Any CPU
		{3CD1EF3C-15CE-4896-B3BD-1C536546149D}.Debug|x86.Build.0 = Debug|Any CPU
		{3CD1EF3C-15CE-4896-B3BD-1C536546149D}.Release|Any CPU.ActiveCfg = Release|Any CPU
		{3CD1EF3C-15CE-4896-B3BD-1C536546149D}.Release|Any CPU.Build.0 = Release|Any CPU
		{3CD1EF3C-15CE-4896-B3BD-1C536546149D}.Release|x64.ActiveCfg = Release|Any CPU
		{3CD1EF3C-15CE-4896-B3BD-1C536546149D}.Release|x64.Build.0 = Release|Any CPU
		{3CD1EF3C-15CE-4896-B3BD-1C536546149D}.Release|x86.ActiveCfg = Release|Any CPU
		{3CD1EF3C-15CE-4896-B3BD-1C536546149D}.Release|x86.Build.0 = Release|Any CPU
		{D3963ACA-8E36-432A-A5C9-4E84F7C18B37}.Debug|Any CPU.ActiveCfg = Debug|Any CPU
		{D3963ACA-8E36-432A-A5C9-4E84F7C18B37}.Debug|Any CPU.Build.0 = Debug|Any CPU
		{D3963ACA-8E36-432A-A5C9-4E84F7C18B37}.Debug|x64.ActiveCfg = Debug|Any CPU
		{D3963ACA-8E36-432A-A5C9-4E84F7C18B37}.Debug|x64.Build.0 = Debug|Any CPU
		{D3963ACA-8E36-432A-A5C9-4E84F7C18B37}.Debug|x86.ActiveCfg = Debug|Any CPU
		{D3963ACA-8E36-432A-A5C9-4E84F7C18B37}.Debug|x86.Build.0 = Debug|Any CPU
		{D3963ACA-8E36-432A-A5C9-4E84F7C18B37}.Release|Any CPU.ActiveCfg = Release|Any CPU
		{D3963ACA-8E36-432A-A5C9-4E84F7C18B37}.Release|Any CPU.Build.0 = Release|Any CPU
		{D3963ACA-8E36-432A-A5C9-4E84F7C18B37}.Release|x64.ActiveCfg = Release|Any CPU
		{D3963ACA-8E36-432A-A5C9-4E84F7C18B37}.Release|x64.Build.0 = Release|Any CPU
		{D3963ACA-8E36-432A-A5C9-4E84F7C18B37}.Release|x86.ActiveCfg = Release|Any CPU
		{D3963ACA-8E36-432A-A5C9-4E84F7C18B37}.Release|x86.Build.0 = Release|Any CPU
		{BB7E09A2-8E90-41EC-9159-5058C178E2BA}.Debug|Any CPU.ActiveCfg = Debug|Any CPU
		{BB7E09A2-8E90-41EC-9159-5058C178E2BA}.Debug|Any CPU.Build.0 = Debug|Any CPU
		{BB7E09A2-8E90-41EC-9159-5058C178E2BA}.Debug|x64.ActiveCfg = Debug|Any CPU
		{BB7E09A2-8E90-41EC-9159-5058C178E2BA}.Debug|x64.Build.0 = Debug|Any CPU
		{BB7E09A2-8E90-41EC-9159-5058C178E2BA}.Debug|x86.ActiveCfg = Debug|Any CPU
		{BB7E09A2-8E90-41EC-9159-5058C178E2BA}.Debug|x86.Build.0 = Debug|Any CPU
		{BB7E09A2-8E90-41EC-9159-5058C178E2BA}.Release|Any CPU.ActiveCfg = Release|Any CPU
		{BB7E09A2-8E90-41EC-9159-5058C178E2BA}.Release|Any CPU.Build.0 = Release|Any CPU
		{BB7E09A2-8E90-41EC-9159-5058C178E2BA}.Release|x64.ActiveCfg = Release|Any CPU
		{BB7E09A2-8E90-41EC-9159-5058C178E2BA}.Release|x64.Build.0 = Release|Any CPU
		{BB7E09A2-8E90-41EC-9159-5058C178E2BA}.Release|x86.ActiveCfg = Release|Any CPU
		{BB7E09A2-8E90-41EC-9159-5058C178E2BA}.Release|x86.Build.0 = Release|Any CPU
		{AC9D1038-752C-456E-AEA6-F2E6227F7D04}.Debug|Any CPU.ActiveCfg = Debug|Any CPU
		{AC9D1038-752C-456E-AEA6-F2E6227F7D04}.Debug|Any CPU.Build.0 = Debug|Any CPU
		{AC9D1038-752C-456E-AEA6-F2E6227F7D04}.Debug|x64.ActiveCfg = Debug|Any CPU
		{AC9D1038-752C-456E-AEA6-F2E6227F7D04}.Debug|x64.Build.0 = Debug|Any CPU
		{AC9D1038-752C-456E-AEA6-F2E6227F7D04}.Debug|x86.ActiveCfg = Debug|Any CPU
		{AC9D1038-752C-456E-AEA6-F2E6227F7D04}.Debug|x86.Build.0 = Debug|Any CPU
		{AC9D1038-752C-456E-AEA6-F2E6227F7D04}.Release|Any CPU.ActiveCfg = Release|Any CPU
		{AC9D1038-752C-456E-AEA6-F2E6227F7D04}.Release|Any CPU.Build.0 = Release|Any CPU
		{AC9D1038-752C-456E-AEA6-F2E6227F7D04}.Release|x64.ActiveCfg = Release|Any CPU
		{AC9D1038-752C-456E-AEA6-F2E6227F7D04}.Release|x64.Build.0 = Release|Any CPU
		{AC9D1038-752C-456E-AEA6-F2E6227F7D04}.Release|x86.ActiveCfg = Release|Any CPU
		{AC9D1038-752C-456E-AEA6-F2E6227F7D04}.Release|x86.Build.0 = Release|Any CPU
		{6B201341-23F6-44F2-BF8E-9C4BDD2780E7}.Debug|Any CPU.ActiveCfg = Debug|Any CPU
		{6B201341-23F6-44F2-BF8E-9C4BDD2780E7}.Debug|Any CPU.Build.0 = Debug|Any CPU
		{6B201341-23F6-44F2-BF8E-9C4BDD2780E7}.Debug|x64.ActiveCfg = Debug|Any CPU
		{6B201341-23F6-44F2-BF8E-9C4BDD2780E7}.Debug|x64.Build.0 = Debug|Any CPU
		{6B201341-23F6-44F2-BF8E-9C4BDD2780E7}.Debug|x86.ActiveCfg = Debug|Any CPU
		{6B201341-23F6-44F2-BF8E-9C4BDD2780E7}.Debug|x86.Build.0 = Debug|Any CPU
		{6B201341-23F6-44F2-BF8E-9C4BDD2780E7}.Release|Any CPU.ActiveCfg = Release|Any CPU
		{6B201341-23F6-44F2-BF8E-9C4BDD2780E7}.Release|Any CPU.Build.0 = Release|Any CPU
		{6B201341-23F6-44F2-BF8E-9C4BDD2780E7}.Release|x64.ActiveCfg = Release|Any CPU
		{6B201341-23F6-44F2-BF8E-9C4BDD2780E7}.Release|x64.Build.0 = Release|Any CPU
		{6B201341-23F6-44F2-BF8E-9C4BDD2780E7}.Release|x86.ActiveCfg = Release|Any CPU
		{6B201341-23F6-44F2-BF8E-9C4BDD2780E7}.Release|x86.Build.0 = Release|Any CPU
		{9B63867A-0308-47C2-AA40-F1C5434FAE91}.Debug|Any CPU.ActiveCfg = Debug|Any CPU
		{9B63867A-0308-47C2-AA40-F1C5434FAE91}.Debug|Any CPU.Build.0 = Debug|Any CPU
		{9B63867A-0308-47C2-AA40-F1C5434FAE91}.Debug|x64.ActiveCfg = Debug|Any CPU
		{9B63867A-0308-47C2-AA40-F1C5434FAE91}.Debug|x64.Build.0 = Debug|Any CPU
		{9B63867A-0308-47C2-AA40-F1C5434FAE91}.Debug|x86.ActiveCfg = Debug|Any CPU
		{9B63867A-0308-47C2-AA40-F1C5434FAE91}.Debug|x86.Build.0 = Debug|Any CPU
		{9B63867A-0308-47C2-AA40-F1C5434FAE91}.Release|Any CPU.ActiveCfg = Release|Any CPU
		{9B63867A-0308-47C2-AA40-F1C5434FAE91}.Release|Any CPU.Build.0 = Release|Any CPU
		{9B63867A-0308-47C2-AA40-F1C5434FAE91}.Release|x64.ActiveCfg = Release|Any CPU
		{9B63867A-0308-47C2-AA40-F1C5434FAE91}.Release|x64.Build.0 = Release|Any CPU
		{9B63867A-0308-47C2-AA40-F1C5434FAE91}.Release|x86.ActiveCfg = Release|Any CPU
		{9B63867A-0308-47C2-AA40-F1C5434FAE91}.Release|x86.Build.0 = Release|Any CPU
		{03BEDC7B-18C9-4D7D-B0AE-26FC3037CD3C}.Debug|Any CPU.ActiveCfg = Debug|Any CPU
		{03BEDC7B-18C9-4D7D-B0AE-26FC3037CD3C}.Debug|Any CPU.Build.0 = Debug|Any CPU
		{03BEDC7B-18C9-4D7D-B0AE-26FC3037CD3C}.Debug|x64.ActiveCfg = Debug|Any CPU
		{03BEDC7B-18C9-4D7D-B0AE-26FC3037CD3C}.Debug|x64.Build.0 = Debug|Any CPU
		{03BEDC7B-18C9-4D7D-B0AE-26FC3037CD3C}.Debug|x86.ActiveCfg = Debug|Any CPU
		{03BEDC7B-18C9-4D7D-B0AE-26FC3037CD3C}.Debug|x86.Build.0 = Debug|Any CPU
		{03BEDC7B-18C9-4D7D-B0AE-26FC3037CD3C}.Release|Any CPU.ActiveCfg = Release|Any CPU
		{03BEDC7B-18C9-4D7D-B0AE-26FC3037CD3C}.Release|Any CPU.Build.0 = Release|Any CPU
		{03BEDC7B-18C9-4D7D-B0AE-26FC3037CD3C}.Release|x64.ActiveCfg = Release|Any CPU
		{03BEDC7B-18C9-4D7D-B0AE-26FC3037CD3C}.Release|x64.Build.0 = Release|Any CPU
		{03BEDC7B-18C9-4D7D-B0AE-26FC3037CD3C}.Release|x86.ActiveCfg = Release|Any CPU
		{03BEDC7B-18C9-4D7D-B0AE-26FC3037CD3C}.Release|x86.Build.0 = Release|Any CPU
	EndGlobalSection
	GlobalSection(SolutionProperties) = preSolution
		HideSolutionNode = FALSE
	EndGlobalSection
EndGlobal
